
Microsoft Visual Studio Solution File, Format Version 12.00
# Visual Studio Version 17
VisualStudioVersion = 17.5.33502.453
MinimumVisualStudioVersion = 10.0.40219.1
Project("{8BC9CEB8-8B4A-11D0-8D11-00A0C91BC942}") = "liniersearch", "liniersearch\liniersearch.vcxproj", "{F4B79A15-2E49-4E30-B604-B47A10814E5C}"
EndProject
Global
	GlobalSection(SolutionConfigurationPlatforms) = preSolution
		Debug|x64 = Debug|x64
		Debug|x86 = Debug|x86
		Release|x64 = Release|x64
		Release|x86 = Release|x86
	EndGlobalSection
	GlobalSection(ProjectConfigurationPlatforms) = postSolution
		{F4B79A15-2E49-4E30-B604-B47A10814E5C}.Debug|x64.ActiveCfg = Debug|x64
		{F4B79A15-2E49-4E30-B604-B47A10814E5C}.Debug|x64.Build.0 = Debug|x64
		{F4B79A15-2E49-4E30-B604-B47A10814E5C}.Debug|x86.ActiveCfg = Debug|Win32
		{F4B79A15-2E49-4E30-B604-B47A10814E5C}.Debug|x86.Build.0 = Debug|Win32
		{F4B79A15-2E49-4E30-B604-B47A10814E5C}.Release|x64.ActiveCfg = Release|x64
		{F4B79A15-2E49-4E30-B604-B47A10814E5C}.Release|x64.Build.0 = Release|x64
		{F4B79A15-2E49-4E30-B604-B47A10814E5C}.Release|x86.ActiveCfg = Release|Win32
		{F4B79A15-2E49-4E30-B604-B47A10814E5C}.Release|x86.Build.0 = Release|Win32
	EndGlobalSection
	GlobalSection(SolutionProperties) = preSolution
		HideSolutionNode = FALSE
	EndGlobalSection
	GlobalSection(ExtensibilityGlobals) = postSolution
		SolutionGuid = {CC7646B4-4D61-4647-8552-A296790A5C0F}
	EndGlobalSection
EndGlobal
